// !$*UTF8*$!
{
	archiveVersion = 1;
	classes = {
	};
	objectVersion = 51;
	objects = {

/* Begin PBXBuildFile section */
		4736CB693CB4482CAA488AE7 /* Pods_RxSwift_SimpleLogin.framework in Frameworks */ = {isa = PBXBuildFile; fileRef = 257BE5F11DEE763D244868DA /* Pods_RxSwift_SimpleLogin.framework */; };
		90185E6227296005005FD1D2 /* AppDelegate.swift in Sources */ = {isa = PBXBuildFile; fileRef = 90185E6127296005005FD1D2 /* AppDelegate.swift */; };
		90185E6427296005005FD1D2 /* SceneDelegate.swift in Sources */ = {isa = PBXBuildFile; fileRef = 90185E6327296005005FD1D2 /* SceneDelegate.swift */; };
		90185E6627296005005FD1D2 /* LoginViewController.swift in Sources */ = {isa = PBXBuildFile; fileRef = 90185E6527296005005FD1D2 /* LoginViewController.swift */; };
		90185E6927296005005FD1D2 /* Main.storyboard in Resources */ = {isa = PBXBuildFile; fileRef = 90185E6727296005005FD1D2 /* Main.storyboard */; };
		90185E6B27296006005FD1D2 /* Assets.xcassets in Resources */ = {isa = PBXBuildFile; fileRef = 90185E6A27296006005FD1D2 /* Assets.xcassets */; };
		90185E6E27296006005FD1D2 /* LaunchScreen.storyboard in Resources */ = {isa = PBXBuildFile; fileRef = 90185E6C27296006005FD1D2 /* LaunchScreen.storyboard */; };
		90185E7927296006005FD1D2 /* RxSwift_SimpleLoginTests.swift in Sources */ = {isa = PBXBuildFile; fileRef = 90185E7827296006005FD1D2 /* RxSwift_SimpleLoginTests.swift */; };
		90185E8427296006005FD1D2 /* RxSwift_SimpleLoginUITests.swift in Sources */ = {isa = PBXBuildFile; fileRef = 90185E8327296006005FD1D2 /* RxSwift_SimpleLoginUITests.swift */; };
		90E63D9F2729680900D2DC10 /* LoginViewModel.swift in Sources */ = {isa = PBXBuildFile; fileRef = 90E63D9E2729680900D2DC10 /* LoginViewModel.swift */; };
		C5D0CD87EEE93FED4D931CEE /* Pods_RxSwift_SimpleLoginTests.framework in Frameworks */ = {isa = PBXBuildFile; fileRef = B3EE37A8E9BA8E442B402DCA /* Pods_RxSwift_SimpleLoginTests.framework */; };
		D0C33787518BA98A469CCD6D /* Pods_RxSwift_SimpleLogin_RxSwift_SimpleLoginUITests.framework in Frameworks */ = {isa = PBXBuildFile; fileRef = 409755274933C8AFA5A9E708 /* Pods_RxSwift_SimpleLogin_RxSwift_SimpleLoginUITests.framework */; };
/* End PBXBuildFile section */

/* Begin PBXContainerItemProxy section */
		90185E7527296006005FD1D2 /* PBXContainerItemProxy */ = {
			isa = PBXContainerItemProxy;
			containerPortal = 90185E5627296005005FD1D2 /* Project object */;
			proxyType = 1;
			remoteGlobalIDString = 90185E5D27296005005FD1D2;
			remoteInfo = "RxSwift-SimpleLogin";
		};
		90185E8027296006005FD1D2 /* PBXContainerItemProxy */ = {
			isa = PBXContainerItemProxy;
			containerPortal = 90185E5627296005005FD1D2 /* Project object */;
			proxyType = 1;
			remoteGlobalIDString = 90185E5D27296005005FD1D2;
			remoteInfo = "RxSwift-SimpleLogin";
		};
/* End PBXContainerItemProxy section */

/* Begin PBXFileReference section */
		257BE5F11DEE763D244868DA /* Pods_RxSwift_SimpleLogin.framework */ = {isa = PBXFileReference; explicitFileType = wrapper.framework; includeInIndex = 0; path = Pods_RxSwift_SimpleLogin.framework; sourceTree = BUILT_PRODUCTS_DIR; };
		3FC576787E8AD0EBC99B17C4 /* Pods-RxSwift-SimpleLoginTests.release.xcconfig */ = {isa = PBXFileReference; includeInIndex = 1; lastKnownFileType = text.xcconfig; name = "Pods-RxSwift-SimpleLoginTests.release.xcconfig"; path = "Target Support Files/Pods-RxSwift-SimpleLoginTests/Pods-RxSwift-SimpleLoginTests.release.xcconfig"; sourceTree = "<group>"; };
		409755274933C8AFA5A9E708 /* Pods_RxSwift_SimpleLogin_RxSwift_SimpleLoginUITests.framework */ = {isa = PBXFileReference; explicitFileType = wrapper.framework; includeInIndex = 0; path = Pods_RxSwift_SimpleLogin_RxSwift_SimpleLoginUITests.framework; sourceTree = BUILT_PRODUCTS_DIR; };
		455AE21A271E85A2B7A5364C /* Pods-RxSwift-SimpleLogin-RxSwift-SimpleLoginUITests.release.xcconfig */ = {isa = PBXFileReference; includeInIndex = 1; lastKnownFileType = text.xcconfig; name = "Pods-RxSwift-SimpleLogin-RxSwift-SimpleLoginUITests.release.xcconfig"; path = "Target Support Files/Pods-RxSwift-SimpleLogin-RxSwift-SimpleLoginUITests/Pods-RxSwift-SimpleLogin-RxSwift-SimpleLoginUITests.release.xcconfig"; sourceTree = "<group>"; };
		5681FC21C79D71FB2AB6B13F /* Pods-RxSwift-SimpleLoginTests.debug.xcconfig */ = {isa = PBXFileReference; includeInIndex = 1; lastKnownFileType = text.xcconfig; name = "Pods-RxSwift-SimpleLoginTests.debug.xcconfig"; path = "Target Support Files/Pods-RxSwift-SimpleLoginTests/Pods-RxSwift-SimpleLoginTests.debug.xcconfig"; sourceTree = "<group>"; };
		8F68E87BC5FB9754B80CAE0A /* Pods-RxSwift-SimpleLogin.release.xcconfig */ = {isa = PBXFileReference; includeInIndex = 1; lastKnownFileType = text.xcconfig; name = "Pods-RxSwift-SimpleLogin.release.xcconfig"; path = "Target Support Files/Pods-RxSwift-SimpleLogin/Pods-RxSwift-SimpleLogin.release.xcconfig"; sourceTree = "<group>"; };
		90185E5E27296005005FD1D2 /* RxSwift-SimpleLogin.app */ = {isa = PBXFileReference; explicitFileType = wrapper.application; includeInIndex = 0; path = "RxSwift-SimpleLogin.app"; sourceTree = BUILT_PRODUCTS_DIR; };
		90185E6127296005005FD1D2 /* AppDelegate.swift */ = {isa = PBXFileReference; lastKnownFileType = sourcecode.swift; path = AppDelegate.swift; sourceTree = "<group>"; };
		90185E6327296005005FD1D2 /* SceneDelegate.swift */ = {isa = PBXFileReference; lastKnownFileType = sourcecode.swift; path = SceneDelegate.swift; sourceTree = "<group>"; };
		90185E6527296005005FD1D2 /* LoginViewController.swift */ = {isa = PBXFileReference; lastKnownFileType = sourcecode.swift; path = LoginViewController.swift; sourceTree = "<group>"; };
		90185E6827296005005FD1D2 /* Base */ = {isa = PBXFileReference; lastKnownFileType = file.storyboard; name = Base; path = Base.lproj/Main.storyboard; sourceTree = "<group>"; };
		90185E6A27296006005FD1D2 /* Assets.xcassets */ = {isa = PBXFileReference; lastKnownFileType = folder.assetcatalog; path = Assets.xcassets; sourceTree = "<group>"; };
		90185E6D27296006005FD1D2 /* Base */ = {isa = PBXFileReference; lastKnownFileType = file.storyboard; name = Base; path = Base.lproj/LaunchScreen.storyboard; sourceTree = "<group>"; };
		90185E6F27296006005FD1D2 /* Info.plist */ = {isa = PBXFileReference; lastKnownFileType = text.plist.xml; path = Info.plist; sourceTree = "<group>"; };
		90185E7427296006005FD1D2 /* RxSwift-SimpleLoginTests.xctest */ = {isa = PBXFileReference; explicitFileType = wrapper.cfbundle; includeInIndex = 0; path = "RxSwift-SimpleLoginTests.xctest"; sourceTree = BUILT_PRODUCTS_DIR; };
		90185E7827296006005FD1D2 /* RxSwift_SimpleLoginTests.swift */ = {isa = PBXFileReference; lastKnownFileType = sourcecode.swift; path = RxSwift_SimpleLoginTests.swift; sourceTree = "<group>"; };
		90185E7A27296006005FD1D2 /* Info.plist */ = {isa = PBXFileReference; lastKnownFileType = text.plist.xml; path = Info.plist; sourceTree = "<group>"; };
		90185E7F27296006005FD1D2 /* RxSwift-SimpleLoginUITests.xctest */ = {isa = PBXFileReference; explicitFileType = wrapper.cfbundle; includeInIndex = 0; path = "RxSwift-SimpleLoginUITests.xctest"; sourceTree = BUILT_PRODUCTS_DIR; };
		90185E8327296006005FD1D2 /* RxSwift_SimpleLoginUITests.swift */ = {isa = PBXFileReference; lastKnownFileType = sourcecode.swift; path = RxSwift_SimpleLoginUITests.swift; sourceTree = "<group>"; };
		90185E8527296006005FD1D2 /* Info.plist */ = {isa = PBXFileReference; lastKnownFileType = text.plist.xml; path = Info.plist; sourceTree = "<group>"; };
		90E63D9E2729680900D2DC10 /* LoginViewModel.swift */ = {isa = PBXFileReference; lastKnownFileType = sourcecode.swift; path = LoginViewModel.swift; sourceTree = "<group>"; };
		A8FBA956FA0E01CBC1BF06CA /* Pods-RxSwift-SimpleLogin-RxSwift-SimpleLoginUITests.debug.xcconfig */ = {isa = PBXFileReference; includeInIndex = 1; lastKnownFileType = text.xcconfig; name = "Pods-RxSwift-SimpleLogin-RxSwift-SimpleLoginUITests.debug.xcconfig"; path = "Target Support Files/Pods-RxSwift-SimpleLogin-RxSwift-SimpleLoginUITests/Pods-RxSwift-SimpleLogin-RxSwift-SimpleLoginUITests.debug.xcconfig"; sourceTree = "<group>"; };
		B3EE37A8E9BA8E442B402DCA /* Pods_RxSwift_SimpleLoginTests.framework */ = {isa = PBXFileReference; explicitFileType = wrapper.framework; includeInIndex = 0; path = Pods_RxSwift_SimpleLoginTests.framework; sourceTree = BUILT_PRODUCTS_DIR; };
		D6C3C3BF81D548CE6570F7E3 /* Pods-RxSwift-SimpleLogin.debug.xcconfig */ = {isa = PBXFileReference; includeInIndex = 1; lastKnownFileType = text.xcconfig; name = "Pods-RxSwift-SimpleLogin.debug.xcconfig"; path = "Target Support Files/Pods-RxSwift-SimpleLogin/Pods-RxSwift-SimpleLogin.debug.xcconfig"; sourceTree = "<group>"; };
/* End PBXFileReference section */

/* Begin PBXFrameworksBuildPhase section */
		90185E5B27296005005FD1D2 /* Frameworks */ = {
			isa = PBXFrameworksBuildPhase;
			buildActionMask = 2147483647;
			files = (
				4736CB693CB4482CAA488AE7 /* Pods_RxSwift_SimpleLogin.framework in Frameworks */,
			);
			runOnlyForDeploymentPostprocessing = 0;
		};
		90185E7127296006005FD1D2 /* Frameworks */ = {
			isa = PBXFrameworksBuildPhase;
			buildActionMask = 2147483647;
			files = (
				C5D0CD87EEE93FED4D931CEE /* Pods_RxSwift_SimpleLoginTests.framework in Frameworks */,
			);
			runOnlyForDeploymentPostprocessing = 0;
		};
		90185E7C27296006005FD1D2 /* Frameworks */ = {
			isa = PBXFrameworksBuildPhase;
			buildActionMask = 2147483647;
			files = (
				D0C33787518BA98A469CCD6D /* Pods_RxSwift_SimpleLogin_RxSwift_SimpleLoginUITests.framework in Frameworks */,
			);
			runOnlyForDeploymentPostprocessing = 0;
		};
/* End PBXFrameworksBuildPhase section */

/* Begin PBXGroup section */
		16E0ACA8205F2D0D08BA1B58 /* Frameworks */ = {
			isa = PBXGroup;
			children = (
				257BE5F11DEE763D244868DA /* Pods_RxSwift_SimpleLogin.framework */,
				409755274933C8AFA5A9E708 /* Pods_RxSwift_SimpleLogin_RxSwift_SimpleLoginUITests.framework */,
				B3EE37A8E9BA8E442B402DCA /* Pods_RxSwift_SimpleLoginTests.framework */,
			);
			name = Frameworks;
			sourceTree = "<group>";
		};
		90185E5527296005005FD1D2 = {
			isa = PBXGroup;
			children = (
				90185E6027296005005FD1D2 /* RxSwift-SimpleLogin */,
				90185E7727296006005FD1D2 /* RxSwift-SimpleLoginTests */,
				90185E8227296006005FD1D2 /* RxSwift-SimpleLoginUITests */,
				90185E5F27296005005FD1D2 /* Products */,
				D4D96310DF7E244C7F758607 /* Pods */,
				16E0ACA8205F2D0D08BA1B58 /* Frameworks */,
			);
			sourceTree = "<group>";
		};
		90185E5F27296005005FD1D2 /* Products */ = {
			isa = PBXGroup;
			children = (
				90185E5E27296005005FD1D2 /* RxSwift-SimpleLogin.app */,
				90185E7427296006005FD1D2 /* RxSwift-SimpleLoginTests.xctest */,
				90185E7F27296006005FD1D2 /* RxSwift-SimpleLoginUITests.xctest */,
			);
			name = Products;
			sourceTree = "<group>";
		};
		90185E6027296005005FD1D2 /* RxSwift-SimpleLogin */ = {
			isa = PBXGroup;
			children = (
				90185E6127296005005FD1D2 /* AppDelegate.swift */,
				90185E6327296005005FD1D2 /* SceneDelegate.swift */,
				90185E6527296005005FD1D2 /* LoginViewController.swift */,
				90185E6727296005005FD1D2 /* Main.storyboard */,
				90185E6A27296006005FD1D2 /* Assets.xcassets */,
				90185E6C27296006005FD1D2 /* LaunchScreen.storyboard */,
				90185E6F27296006005FD1D2 /* Info.plist */,
				90E63DA02729681200D2DC10 /* ViewModel */,
			);
			path = "RxSwift-SimpleLogin";
			sourceTree = "<group>";
		};
		90185E7727296006005FD1D2 /* RxSwift-SimpleLoginTests */ = {
			isa = PBXGroup;
			children = (
				90185E7827296006005FD1D2 /* RxSwift_SimpleLoginTests.swift */,
				90185E7A27296006005FD1D2 /* Info.plist */,
			);
			path = "RxSwift-SimpleLoginTests";
			sourceTree = "<group>";
		};
		90185E8227296006005FD1D2 /* RxSwift-SimpleLoginUITests */ = {
			isa = PBXGroup;
			children = (
				90185E8327296006005FD1D2 /* RxSwift_SimpleLoginUITests.swift */,
				90185E8527296006005FD1D2 /* Info.plist */,
			);
			path = "RxSwift-SimpleLoginUITests";
			sourceTree = "<group>";
		};
		90E63DA02729681200D2DC10 /* ViewModel */ = {
			isa = PBXGroup;
			children = (
				90E63D9E2729680900D2DC10 /* LoginViewModel.swift */,
			);
			path = ViewModel;
			sourceTree = "<group>";
		};
		D4D96310DF7E244C7F758607 /* Pods */ = {
			isa = PBXGroup;
			children = (
				D6C3C3BF81D548CE6570F7E3 /* Pods-RxSwift-SimpleLogin.debug.xcconfig */,
				8F68E87BC5FB9754B80CAE0A /* Pods-RxSwift-SimpleLogin.release.xcconfig */,
				A8FBA956FA0E01CBC1BF06CA /* Pods-RxSwift-SimpleLogin-RxSwift-SimpleLoginUITests.debug.xcconfig */,
				455AE21A271E85A2B7A5364C /* Pods-RxSwift-SimpleLogin-RxSwift-SimpleLoginUITests.release.xcconfig */,
				5681FC21C79D71FB2AB6B13F /* Pods-RxSwift-SimpleLoginTests.debug.xcconfig */,
				3FC576787E8AD0EBC99B17C4 /* Pods-RxSwift-SimpleLoginTests.release.xcconfig */,
			);
			path = Pods;
			sourceTree = "<group>";
		};
/* End PBXGroup section */

/* Begin PBXNativeTarget section */
		90185E5D27296005005FD1D2 /* RxSwift-SimpleLogin */ = {
			isa = PBXNativeTarget;
			buildConfigurationList = 90185E8827296006005FD1D2 /* Build configuration list for PBXNativeTarget "RxSwift-SimpleLogin" */;
			buildPhases = (
				037290EBB4680500C3C806A5 /* [CP] Check Pods Manifest.lock */,
				90185E5A27296005005FD1D2 /* Sources */,
				90185E5B27296005005FD1D2 /* Frameworks */,
				90185E5C27296005005FD1D2 /* Resources */,
				D27F3482C093B2A046A27570 /* [CP] Embed Pods Frameworks */,
			);
			buildRules = (
			);
			dependencies = (
			);
			name = "RxSwift-SimpleLogin";
			productName = "RxSwift-SimpleLogin";
			productReference = 90185E5E27296005005FD1D2 /* RxSwift-SimpleLogin.app */;
			productType = "com.apple.product-type.application";
		};
		90185E7327296006005FD1D2 /* RxSwift-SimpleLoginTests */ = {
			isa = PBXNativeTarget;
			buildConfigurationList = 90185E8B27296006005FD1D2 /* Build configuration list for PBXNativeTarget "RxSwift-SimpleLoginTests" */;
			buildPhases = (
				E91BA286C074EE28ACA4CE42 /* [CP] Check Pods Manifest.lock */,
				90185E7027296006005FD1D2 /* Sources */,
				90185E7127296006005FD1D2 /* Frameworks */,
				90185E7227296006005FD1D2 /* Resources */,
			);
			buildRules = (
			);
			dependencies = (
				90185E7627296006005FD1D2 /* PBXTargetDependency */,
			);
			name = "RxSwift-SimpleLoginTests";
			productName = "RxSwift-SimpleLoginTests";
			productReference = 90185E7427296006005FD1D2 /* RxSwift-SimpleLoginTests.xctest */;
			productType = "com.apple.product-type.bundle.unit-test";
		};
		90185E7E27296006005FD1D2 /* RxSwift-SimpleLoginUITests */ = {
			isa = PBXNativeTarget;
			buildConfigurationList = 90185E8E27296006005FD1D2 /* Build configuration list for PBXNativeTarget "RxSwift-SimpleLoginUITests" */;
			buildPhases = (
				AA23B51344CDBED32ECD3FE0 /* [CP] Check Pods Manifest.lock */,
				90185E7B27296006005FD1D2 /* Sources */,
				90185E7C27296006005FD1D2 /* Frameworks */,
				90185E7D27296006005FD1D2 /* Resources */,
				C258EF87C158B80B96C9D8B6 /* [CP] Embed Pods Frameworks */,
			);
			buildRules = (
			);
			dependencies = (
				90185E8127296006005FD1D2 /* PBXTargetDependency */,
			);
			name = "RxSwift-SimpleLoginUITests";
			productName = "RxSwift-SimpleLoginUITests";
			productReference = 90185E7F27296006005FD1D2 /* RxSwift-SimpleLoginUITests.xctest */;
			productType = "com.apple.product-type.bundle.ui-testing";
		};
/* End PBXNativeTarget section */

/* Begin PBXProject section */
		90185E5627296005005FD1D2 /* Project object */ = {
			isa = PBXProject;
			attributes = {
				LastSwiftUpdateCheck = 1250;
				LastUpgradeCheck = 1250;
				TargetAttributes = {
					90185E5D27296005005FD1D2 = {
						CreatedOnToolsVersion = 12.5.1;
					};
					90185E7327296006005FD1D2 = {
						CreatedOnToolsVersion = 12.5.1;
						TestTargetID = 90185E5D27296005005FD1D2;
					};
					90185E7E27296006005FD1D2 = {
						CreatedOnToolsVersion = 12.5.1;
						TestTargetID = 90185E5D27296005005FD1D2;
					};
				};
			};
			buildConfigurationList = 90185E5927296005005FD1D2 /* Build configuration list for PBXProject "RxSwift-SimpleLogin" */;
			compatibilityVersion = "Xcode 9.3";
			developmentRegion = en;
			hasScannedForEncodings = 0;
			knownRegions = (
				en,
				Base,
			);
			mainGroup = 90185E5527296005005FD1D2;
			productRefGroup = 90185E5F27296005005FD1D2 /* Products */;
			projectDirPath = "";
			projectRoot = "";
			targets = (
				90185E5D27296005005FD1D2 /* RxSwift-SimpleLogin */,
				90185E7327296006005FD1D2 /* RxSwift-SimpleLoginTests */,
				90185E7E27296006005FD1D2 /* RxSwift-SimpleLoginUITests */,
			);
		};
/* End PBXProject section */

/* Begin PBXResourcesBuildPhase section */
		90185E5C27296005005FD1D2 /* Resources */ = {
			isa = PBXResourcesBuildPhase;
			buildActionMask = 2147483647;
			files = (
				90185E6E27296006005FD1D2 /* LaunchScreen.storyboard in Resources */,
				90185E6B27296006005FD1D2 /* Assets.xcassets in Resources */,
				90185E6927296005005FD1D2 /* Main.storyboard in Resources */,
			);
			runOnlyForDeploymentPostprocessing = 0;
		};
		90185E7227296006005FD1D2 /* Resources */ = {
			isa = PBXResourcesBuildPhase;
			buildActionMask = 2147483647;
			files = (
			);
			runOnlyForDeploymentPostprocessing = 0;
		};
		90185E7D27296006005FD1D2 /* Resources */ = {
			isa = PBXResourcesBuildPhase;
			buildActionMask = 2147483647;
			files = (
			);
			runOnlyForDeploymentPostprocessing = 0;
		};
/* End PBXResourcesBuildPhase section */

/* Begin PBXShellScriptBuildPhase section */
		037290EBB4680500C3C806A5 /* [CP] Check Pods Manifest.lock */ = {
			isa = PBXShellScriptBuildPhase;
			buildActionMask = 2147483647;
			files = (
			);
			inputFileListPaths = (
			);
			inputPaths = (
				"${PODS_PODFILE_DIR_PATH}/Podfile.lock",
				"${PODS_ROOT}/Manifest.lock",
			);
			name = "[CP] Check Pods Manifest.lock";
			outputFileListPaths = (
			);
			outputPaths = (
				"$(DERIVED_FILE_DIR)/Pods-RxSwift-SimpleLogin-checkManifestLockResult.txt",
			);
			runOnlyForDeploymentPostprocessing = 0;
			shellPath = /bin/sh;
			shellScript = "diff \"${PODS_PODFILE_DIR_PATH}/Podfile.lock\" \"${PODS_ROOT}/Manifest.lock\" > /dev/null\nif [ $? != 0 ] ; then\n    # print error to STDERR\n    echo \"error: The sandbox is not in sync with the Podfile.lock. Run 'pod install' or update your CocoaPods installation.\" >&2\n    exit 1\nfi\n# This output is used by Xcode 'outputs' to avoid re-running this script phase.\necho \"SUCCESS\" > \"${SCRIPT_OUTPUT_FILE_0}\"\n";
			showEnvVarsInLog = 0;
		};
		AA23B51344CDBED32ECD3FE0 /* [CP] Check Pods Manifest.lock */ = {
			isa = PBXShellScriptBuildPhase;
			buildActionMask = 2147483647;
			files = (
			);
			inputFileListPaths = (
			);
			inputPaths = (
				"${PODS_PODFILE_DIR_PATH}/Podfile.lock",
				"${PODS_ROOT}/Manifest.lock",
			);
			name = "[CP] Check Pods Manifest.lock";
			outputFileListPaths = (
			);
			outputPaths = (
				"$(DERIVED_FILE_DIR)/Pods-RxSwift-SimpleLogin-RxSwift-SimpleLoginUITests-checkManifestLockResult.txt",
			);
			runOnlyForDeploymentPostprocessing = 0;
			shellPath = /bin/sh;
			shellScript = "diff \"${PODS_PODFILE_DIR_PATH}/Podfile.lock\" \"${PODS_ROOT}/Manifest.lock\" > /dev/null\nif [ $? != 0 ] ; then\n    # print error to STDERR\n    echo \"error: The sandbox is not in sync with the Podfile.lock. Run 'pod install' or update your CocoaPods installation.\" >&2\n    exit 1\nfi\n# This output is used by Xcode 'outputs' to avoid re-running this script phase.\necho \"SUCCESS\" > \"${SCRIPT_OUTPUT_FILE_0}\"\n";
			showEnvVarsInLog = 0;
		};
		C258EF87C158B80B96C9D8B6 /* [CP] Embed Pods Frameworks */ = {
			isa = PBXShellScriptBuildPhase;
			buildActionMask = 2147483647;
			files = (
			);
			inputFileListPaths = (
				"${PODS_ROOT}/Target Support Files/Pods-RxSwift-SimpleLogin-RxSwift-SimpleLoginUITests/Pods-RxSwift-SimpleLogin-RxSwift-SimpleLoginUITests-frameworks-${CONFIGURATION}-input-files.xcfilelist",
			);
			name = "[CP] Embed Pods Frameworks";
			outputFileListPaths = (
				"${PODS_ROOT}/Target Support Files/Pods-RxSwift-SimpleLogin-RxSwift-SimpleLoginUITests/Pods-RxSwift-SimpleLogin-RxSwift-SimpleLoginUITests-frameworks-${CONFIGURATION}-output-files.xcfilelist",
			);
			runOnlyForDeploymentPostprocessing = 0;
			shellPath = /bin/sh;
			shellScript = "\"${PODS_ROOT}/Target Support Files/Pods-RxSwift-SimpleLogin-RxSwift-SimpleLoginUITests/Pods-RxSwift-SimpleLogin-RxSwift-SimpleLoginUITests-frameworks.sh\"\n";
			showEnvVarsInLog = 0;
		};
		D27F3482C093B2A046A27570 /* [CP] Embed Pods Frameworks */ = {
			isa = PBXShellScriptBuildPhase;
			buildActionMask = 2147483647;
			files = (
			);
			inputFileListPaths = (
				"${PODS_ROOT}/Target Support Files/Pods-RxSwift-SimpleLogin/Pods-RxSwift-SimpleLogin-frameworks-${CONFIGURATION}-input-files.xcfilelist",
			);
			name = "[CP] Embed Pods Frameworks";
			outputFileListPaths = (
				"${PODS_ROOT}/Target Support Files/Pods-RxSwift-SimpleLogin/Pods-RxSwift-SimpleLogin-frameworks-${CONFIGURATION}-output-files.xcfilelist",
			);
			runOnlyForDeploymentPostprocessing = 0;
			shellPath = /bin/sh;
			shellScript = "\"${PODS_ROOT}/Target Support Files/Pods-RxSwift-SimpleLogin/Pods-RxSwift-SimpleLogin-frameworks.sh\"\n";
			showEnvVarsInLog = 0;
		};
		E91BA286C074EE28ACA4CE42 /* [CP] Check Pods Manifest.lock */ = {
			isa = PBXShellScriptBuildPhase;
			buildActionMask = 2147483647;
			files = (
			);
			inputFileListPaths = (
			);
			inputPaths = (
				"${PODS_PODFILE_DIR_PATH}/Podfile.lock",
				"${PODS_ROOT}/Manifest.lock",
			);
			name = "[CP] Check Pods Manifest.lock";
			outputFileListPaths = (
			);
			outputPaths = (
				"$(DERIVED_FILE_DIR)/Pods-RxSwift-SimpleLoginTests-checkManifestLockResult.txt",
			);
			runOnlyForDeploymentPostprocessing = 0;
			shellPath = /bin/sh;
			shellScript = "diff \"${PODS_PODFILE_DIR_PATH}/Podfile.lock\" \"${PODS_ROOT}/Manifest.lock\" > /dev/null\nif [ $? != 0 ] ; then\n    # print error to STDERR\n    echo \"error: The sandbox is not in sync with the Podfile.lock. Run 'pod install' or update your CocoaPods installation.\" >&2\n    exit 1\nfi\n# This output is used by Xcode 'outputs' to avoid re-running this script phase.\necho \"SUCCESS\" > \"${SCRIPT_OUTPUT_FILE_0}\"\n";
			showEnvVarsInLog = 0;
		};
/* End PBXShellScriptBuildPhase section */

/* Begin PBXSourcesBuildPhase section */
		90185E5A27296005005FD1D2 /* Sources */ = {
			isa = PBXSourcesBuildPhase;
			buildActionMask = 2147483647;
			files = (
				90E63D9F2729680900D2DC10 /* LoginViewModel.swift in Sources */,
				90185E6627296005005FD1D2 /* LoginViewController.swift in Sources */,
				90185E6227296005005FD1D2 /* AppDelegate.swift in Sources */,
				90185E6427296005005FD1D2 /* SceneDelegate.swift in Sources */,
			);
			runOnlyForDeploymentPostprocessing = 0;
		};
		90185E7027296006005FD1D2 /* Sources */ = {
			isa = PBXSourcesBuildPhase;
			buildActionMask = 2147483647;
			files = (
				90185E7927296006005FD1D2 /* RxSwift_SimpleLoginTests.swift in Sources */,
			);
			runOnlyForDeploymentPostprocessing = 0;
		};
		90185E7B27296006005FD1D2 /* Sources */ = {
			isa = PBXSourcesBuildPhase;
			buildActionMask = 2147483647;
			files = (
				90185E8427296006005FD1D2 /* RxSwift_SimpleLoginUITests.swift in Sources */,
			);
			runOnlyForDeploymentPostprocessing = 0;
		};
/* End PBXSourcesBuildPhase section */

/* Begin PBXTargetDependency section */
		90185E7627296006005FD1D2 /* PBXTargetDependency */ = {
			isa = PBXTargetDependency;
			target = 90185E5D27296005005FD1D2 /* RxSwift-SimpleLogin */;
			targetProxy = 90185E7527296006005FD1D2 /* PBXContainerItemProxy */;
		};
		90185E8127296006005FD1D2 /* PBXTargetDependency */ = {
			isa = PBXTargetDependency;
			target = 90185E5D27296005005FD1D2 /* RxSwift-SimpleLogin */;
			targetProxy = 90185E8027296006005FD1D2 /* PBXContainerItemProxy */;
		};
/* End PBXTargetDependency section */

/* Begin PBXVariantGroup section */
		90185E6727296005005FD1D2 /* Main.storyboard */ = {
			isa = PBXVariantGroup;
			children = (
				90185E6827296005005FD1D2 /* Base */,
			);
			name = Main.storyboard;
			sourceTree = "<group>";
		};
		90185E6C27296006005FD1D2 /* LaunchScreen.storyboard */ = {
			isa = PBXVariantGroup;
			children = (
				90185E6D27296006005FD1D2 /* Base */,
			);
			name = LaunchScreen.storyboard;
			sourceTree = "<group>";
		};
/* End PBXVariantGroup section */

/* Begin XCBuildConfiguration section */
		90185E8627296006005FD1D2 /* Debug */ = {
			isa = XCBuildConfiguration;
			buildSettings = {
				ALWAYS_SEARCH_USER_PATHS = NO;
				CLANG_ANALYZER_NONNULL = YES;
				CLANG_ANALYZER_NUMBER_OBJECT_CONVERSION = YES_AGGRESSIVE;
				CLANG_CXX_LANGUAGE_STANDARD = "gnu++14";
				CLANG_CXX_LIBRARY = "libc++";
				CLANG_ENABLE_MODULES = YES;
				CLANG_ENABLE_OBJC_ARC = YES;
				CLANG_ENABLE_OBJC_WEAK = YES;
				CLANG_WARN_BLOCK_CAPTURE_AUTORELEASING = YES;
				CLANG_WARN_BOOL_CONVERSION = YES;
				CLANG_WARN_COMMA = YES;
				CLANG_WARN_CONSTANT_CONVERSION = YES;
				CLANG_WARN_DEPRECATED_OBJC_IMPLEMENTATIONS = YES;
				CLANG_WARN_DIRECT_OBJC_ISA_USAGE = YES_ERROR;
				CLANG_WARN_DOCUMENTATION_COMMENTS = YES;
				CLANG_WARN_EMPTY_BODY = YES;
				CLANG_WARN_ENUM_CONVERSION = YES;
				CLANG_WARN_INFINITE_RECURSION = YES;
				CLANG_WARN_INT_CONVERSION = YES;
				CLANG_WARN_NON_LITERAL_NULL_CONVERSION = YES;
				CLANG_WARN_OBJC_IMPLICIT_RETAIN_SELF = YES;
				CLANG_WARN_OBJC_LITERAL_CONVERSION = YES;
				CLANG_WARN_OBJC_ROOT_CLASS = YES_ERROR;
				CLANG_WARN_QUOTED_INCLUDE_IN_FRAMEWORK_HEADER = YES;
				CLANG_WARN_RANGE_LOOP_ANALYSIS = YES;
				CLANG_WARN_STRICT_PROTOTYPES = YES;
				CLANG_WARN_SUSPICIOUS_MOVE = YES;
				CLANG_WARN_UNGUARDED_AVAILABILITY = YES_AGGRESSIVE;
				CLANG_WARN_UNREACHABLE_CODE = YES;
				CLANG_WARN__DUPLICATE_METHOD_MATCH = YES;
				COPY_PHASE_STRIP = NO;
				DEBUG_INFORMATION_FORMAT = dwarf;
				ENABLE_STRICT_OBJC_MSGSEND = YES;
				ENABLE_TESTABILITY = YES;
				GCC_C_LANGUAGE_STANDARD = gnu11;
				GCC_DYNAMIC_NO_PIC = NO;
				GCC_NO_COMMON_BLOCKS = YES;
				GCC_OPTIMIZATION_LEVEL = 0;
				GCC_PREPROCESSOR_DEFINITIONS = (
					"DEBUG=1",
					"$(inherited)",
				);
				GCC_WARN_64_TO_32_BIT_CONVERSION = YES;
				GCC_WARN_ABOUT_RETURN_TYPE = YES_ERROR;
				GCC_WARN_UNDECLARED_SELECTOR = YES;
				GCC_WARN_UNINITIALIZED_AUTOS = YES_AGGRESSIVE;
				GCC_WARN_UNUSED_FUNCTION = YES;
				GCC_WARN_UNUSED_VARIABLE = YES;
				IPHONEOS_DEPLOYMENT_TARGET = 14.5;
				MTL_ENABLE_DEBUG_INFO = INCLUDE_SOURCE;
				MTL_FAST_MATH = YES;
				ONLY_ACTIVE_ARCH = YES;
				SDKROOT = iphoneos;
				SWIFT_ACTIVE_COMPILATION_CONDITIONS = DEBUG;
				SWIFT_OPTIMIZATION_LEVEL = "-Onone";
			};
			name = Debug;
		};
		90185E8727296006005FD1D2 /* Release */ = {
			isa = XCBuildConfiguration;
			buildSettings = {
				ALWAYS_SEARCH_USER_PATHS = NO;
				CLANG_ANALYZER_NONNULL = YES;
				CLANG_ANALYZER_NUMBER_OBJECT_CONVERSION = YES_AGGRESSIVE;
				CLANG_CXX_LANGUAGE_STANDARD = "gnu++14";
				CLANG_CXX_LIBRARY = "libc++";
				CLANG_ENABLE_MODULES = YES;
				CLANG_ENABLE_OBJC_ARC = YES;
				CLANG_ENABLE_OBJC_WEAK = YES;
				CLANG_WARN_BLOCK_CAPTURE_AUTORELEASING = YES;
				CLANG_WARN_BOOL_CONVERSION = YES;
				CLANG_WARN_COMMA = YES;
				CLANG_WARN_CONSTANT_CONVERSION = YES;
				CLANG_WARN_DEPRECATED_OBJC_IMPLEMENTATIONS = YES;
				CLANG_WARN_DIRECT_OBJC_ISA_USAGE = YES_ERROR;
				CLANG_WARN_DOCUMENTATION_COMMENTS = YES;
				CLANG_WARN_EMPTY_BODY = YES;
				CLANG_WARN_ENUM_CONVERSION = YES;
				CLANG_WARN_INFINITE_RECURSION = YES;
				CLANG_WARN_INT_CONVERSION = YES;
				CLANG_WARN_NON_LITERAL_NULL_CONVERSION = YES;
				CLANG_WARN_OBJC_IMPLICIT_RETAIN_SELF = YES;
				CLANG_WARN_OBJC_LITERAL_CONVERSION = YES;
				CLANG_WARN_OBJC_ROOT_CLASS = YES_ERROR;
				CLANG_WARN_QUOTED_INCLUDE_IN_FRAMEWORK_HEADER = YES;
				CLANG_WARN_RANGE_LOOP_ANALYSIS = YES;
				CLANG_WARN_STRICT_PROTOTYPES = YES;
				CLANG_WARN_SUSPICIOUS_MOVE = YES;
				CLANG_WARN_UNGUARDED_AVAILABILITY = YES_AGGRESSIVE;
				CLANG_WARN_UNREACHABLE_CODE = YES;
				CLANG_WARN__DUPLICATE_METHOD_MATCH = YES;
				COPY_PHASE_STRIP = NO;
				DEBUG_INFORMATION_FORMAT = "dwarf-with-dsym";
				ENABLE_NS_ASSERTIONS = NO;
				ENABLE_STRICT_OBJC_MSGSEND = YES;
				GCC_C_LANGUAGE_STANDARD = gnu11;
				GCC_NO_COMMON_BLOCKS = YES;
				GCC_WARN_64_TO_32_BIT_CONVERSION = YES;
				GCC_WARN_ABOUT_RETURN_TYPE = YES_ERROR;
				GCC_WARN_UNDECLARED_SELECTOR = YES;
				GCC_WARN_UNINITIALIZED_AUTOS = YES_AGGRESSIVE;
				GCC_WARN_UNUSED_FUNCTION = YES;
				GCC_WARN_UNUSED_VARIABLE = YES;
				IPHONEOS_DEPLOYMENT_TARGET = 14.5;
				MTL_ENABLE_DEBUG_INFO = NO;
				MTL_FAST_MATH = YES;
				SDKROOT = iphoneos;
				SWIFT_COMPILATION_MODE = wholemodule;
				SWIFT_OPTIMIZATION_LEVEL = "-O";
				VALIDATE_PRODUCT = YES;
			};
			name = Release;
		};
		90185E8927296006005FD1D2 /* Debug */ = {
			isa = XCBuildConfiguration;
			baseConfigurationReference = D6C3C3BF81D548CE6570F7E3 /* Pods-RxSwift-SimpleLogin.debug.xcconfig */;
			buildSettings = {
				ASSETCATALOG_COMPILER_APPICON_NAME = AppIcon;
				ASSETCATALOG_COMPILER_GLOBAL_ACCENT_COLOR_NAME = AccentColor;
				CODE_SIGN_STYLE = Automatic;
				DEVELOPMENT_TEAM = C5Y2CH62YY;
				INFOPLIST_FILE = "RxSwift-SimpleLogin/Info.plist";
				IPHONEOS_DEPLOYMENT_TARGET = 13.0;
				LD_RUNPATH_SEARCH_PATHS = (
					"$(inherited)",
					"@executable_path/Frameworks",
				);
				PRODUCT_BUNDLE_IDENTIFIER = "app.jiyeonlab.RxSwift-SimpleLogin";
				PRODUCT_NAME = "$(TARGET_NAME)";
				SWIFT_VERSION = 5.0;
				TARGETED_DEVICE_FAMILY = "1,2";
			};
			name = Debug;
		};
		90185E8A27296006005FD1D2 /* Release */ = {
			isa = XCBuildConfiguration;
			baseConfigurationReference = 8F68E87BC5FB9754B80CAE0A /* Pods-RxSwift-SimpleLogin.release.xcconfig */;
			buildSettings = {
				ASSETCATALOG_COMPILER_APPICON_NAME = AppIcon;
				ASSETCATALOG_COMPILER_GLOBAL_ACCENT_COLOR_NAME = AccentColor;
				CODE_SIGN_STYLE = Automatic;
				DEVELOPMENT_TEAM = C5Y2CH62YY;
				INFOPLIST_FILE = "RxSwift-SimpleLogin/Info.plist";
				IPHONEOS_DEPLOYMENT_TARGET = 13.0;
				LD_RUNPATH_SEARCH_PATHS = (
					"$(inherited)",
					"@executable_path/Frameworks",
				);
				PRODUCT_BUNDLE_IDENTIFIER = "app.jiyeonlab.RxSwift-SimpleLogin";
				PRODUCT_NAME = "$(TARGET_NAME)";
				SWIFT_VERSION = 5.0;
				TARGETED_DEVICE_FAMILY = "1,2";
			};
			name = Release;
		};
		90185E8C27296006005FD1D2 /* Debug */ = {
			isa = XCBuildConfiguration;
			baseConfigurationReference = 5681FC21C79D71FB2AB6B13F /* Pods-RxSwift-SimpleLoginTests.debug.xcconfig */;
			buildSettings = {
				ALWAYS_EMBED_SWIFT_STANDARD_LIBRARIES = YES;
				BUNDLE_LOADER = "$(TEST_HOST)";
				CODE_SIGN_STYLE = Automatic;
				DEVELOPMENT_TEAM = C5Y2CH62YY;
				INFOPLIST_FILE = "RxSwift-SimpleLoginTests/Info.plist";
				IPHONEOS_DEPLOYMENT_TARGET = 14.5;
				LD_RUNPATH_SEARCH_PATHS = (
					"$(inherited)",
					"@executable_path/Frameworks",
					"@loader_path/Frameworks",
				);
				PRODUCT_BUNDLE_IDENTIFIER = "app.jiyeonlab.RxSwift-SimpleLoginTests";
				PRODUCT_NAME = "$(TARGET_NAME)";
				SWIFT_VERSION = 5.0;
				TARGETED_DEVICE_FAMILY = "1,2";
				TEST_HOST = "$(BUILT_PRODUCTS_DIR)/RxSwift-SimpleLogin.app/RxSwift-SimpleLogin";
			};
			name = Debug;
		};
		90185E8D27296006005FD1D2 /* Release */ = {
			isa = XCBuildConfiguration;
			baseConfigurationReference = 3FC576787E8AD0EBC99B17C4 /* Pods-RxSwift-SimpleLoginTests.release.xcconfig */;
			buildSettings = {
				ALWAYS_EMBED_SWIFT_STANDARD_LIBRARIES = YES;
				BUNDLE_LOADER = "$(TEST_HOST)";
				CODE_SIGN_STYLE = Automatic;
				DEVELOPMENT_TEAM = C5Y2CH62YY;
				INFOPLIST_FILE = "RxSwift-SimpleLoginTests/Info.plist";
				IPHONEOS_DEPLOYMENT_TARGET = 14.5;
				LD_RUNPATH_SEARCH_PATHS = (
					"$(inherited)",
					"@executable_path/Frameworks",
					"@loader_path/Frameworks",
				);
				PRODUCT_BUNDLE_IDENTIFIER = "app.jiyeonlab.RxSwift-SimpleLoginTests";
				PRODUCT_NAME = "$(TARGET_NAME)";
				SWIFT_VERSION = 5.0;
				TARGETED_DEVICE_FAMILY = "1,2";
				TEST_HOST = "$(BUILT_PRODUCTS_DIR)/RxSwift-SimpleLogin.app/RxSwift-SimpleLogin";
			};
			name = Release;
		};
		90185E8F27296006005FD1D2 /* Debug */ = {
			isa = XCBuildConfiguration;
			baseConfigurationReference = A8FBA956FA0E01CBC1BF06CA /* Pods-RxSwift-SimpleLogin-RxSwift-SimpleLoginUITests.debug.xcconfig */;
			buildSettings = {
				ALWAYS_EMBED_SWIFT_STANDARD_LIBRARIES = YES;
				CODE_SIGN_STYLE = Automatic;
				DEVELOPMENT_TEAM = C5Y2CH62YY;
				INFOPLIST_FILE = "RxSwift-SimpleLoginUITests/Info.plist";
				LD_RUNPATH_SEARCH_PATHS = (
					"$(inherited)",
					"@executable_path/Frameworks",
					"@loader_path/Frameworks",
				);
				PRODUCT_BUNDLE_IDENTIFIER = "app.jiyeonlab.RxSwift-SimpleLoginUITests";
				PRODUCT_NAME = "$(TARGET_NAME)";
				SWIFT_VERSION = 5.0;
				TARGETED_DEVICE_FAMILY = "1,2";
				TEST_TARGET_NAME = "RxSwift-SimpleLogin";
			};
			name = Debug;
		};
		90185E9027296006005FD1D2 /* Release */ = {
			isa = XCBuildConfiguration;
			baseConfigurationReference = 455AE21A271E85A2B7A5364C /* Pods-RxSwift-SimpleLogin-RxSwift-SimpleLoginUITests.release.xcconfig */;
			buildSettings = {
				ALWAYS_EMBED_SWIFT_STANDARD_LIBRARIES = YES;
				CODE_SIGN_STYLE = Automatic;
				DEVELOPMENT_TEAM = C5Y2CH62YY;
				INFOPLIST_FILE = "RxSwift-SimpleLoginUITests/Info.plist";
				LD_RUNPATH_SEARCH_PATHS = (
					"$(inherited)",
					"@executable_path/Frameworks",
					"@loader_path/Frameworks",
				);
				PRODUCT_BUNDLE_IDENTIFIER = "app.jiyeonlab.RxSwift-SimpleLoginUITests";
				PRODUCT_NAME = "$(TARGET_NAME)";
				SWIFT_VERSION = 5.0;
				TARGETED_DEVICE_FAMILY = "1,2";
				TEST_TARGET_NAME = "RxSwift-SimpleLogin";
			};
			name = Release;
		};
/* End XCBuildConfiguration section */

/* Begin XCConfigurationList section */
		90185E5927296005005FD1D2 /* Build configuration list for PBXProject "RxSwift-SimpleLogin" */ = {
			isa = XCConfigurationList;
			buildConfigurations = (
				90185E8627296006005FD1D2 /* Debug */,
				90185E8727296006005FD1D2 /* Release */,
			);
			defaultConfigurationIsVisible = 0;
			defaultConfigurationName = Release;
		};
		90185E8827296006005FD1D2 /* Build configuration list for PBXNativeTarget "RxSwift-SimpleLogin" */ = {
			isa = XCConfigurationList;
			buildConfigurations = (
				90185E8927296006005FD1D2 /* Debug */,
				90185E8A27296006005FD1D2 /* Release */,
			);
			defaultConfigurationIsVisible = 0;
			defaultConfigurationName = Release;
		};
		90185E8B27296006005FD1D2 /* Build configuration list for PBXNativeTarget "RxSwift-SimpleLoginTests" */ = {
			isa = XCConfigurationList;
			buildConfigurations = (
				90185E8C27296006005FD1D2 /* Debug */,
				90185E8D27296006005FD1D2 /* Release */,
			);
			defaultConfigurationIsVisible = 0;
			defaultConfigurationName = Release;
		};
		90185E8E27296006005FD1D2 /* Build configuration list for PBXNativeTarget "RxSwift-SimpleLoginUITests" */ = {
			isa = XCConfigurationList;
			buildConfigurations = (
				90185E8F27296006005FD1D2 /* Debug */,
				90185E9027296006005FD1D2 /* Release */,
			);
			defaultConfigurationIsVisible = 0;
			defaultConfigurationName = Release;
		};
/* End XCConfigurationList section */
	};
	rootObject = 90185E5627296005005FD1D2 /* Project object */;
}
